
Microsoft Visual Studio Solution File, Format Version 12.00
# Visual Studio Version 17
VisualStudioVersion = 17.10.34928.147
MinimumVisualStudioVersion = 10.0.40219.1
Project("{FAE04EC0-301F-11D3-BF4B-00C04F79EFBC}") = "DVLD_PresentationLayer", "DVLD_PresentationLayer.csproj", "{56FF23D1-BD2E-4145-9121-52639E162427}"
EndProject
Project("{FAE04EC0-301F-11D3-BF4B-00C04F79EFBC}") = "DVLD_BusinessLayer", "..\DVLD_BusinessLayer\DVLD_BusinessLayer.csproj", "{DC7E36D8-F174-484D-B245-D2643C299B31}"
EndProject
Project("{FAE04EC0-301F-11D3-BF4B-00C04F79EFBC}") = "DVLD_DataAccessLayer", "..\DVLD_DataAccessLayer\DVLD_DataAccessLayer.csproj", "{C362079A-AAD2-4628-BF6E-F2200D74B065}"
EndProject
Global
	GlobalSection(SolutionConfigurationPlatforms) = preSolution
		Debug|Any CPU = Debug|Any CPU
		Release|Any CPU = Release|Any CPU
	EndGlobalSection
	GlobalSection(ProjectConfigurationPlatforms) = postSolution
		{56FF23D1-BD2E-4145-9121-52639E162427}.Debug|Any CPU.ActiveCfg = Debug|Any CPU
		{56FF23D1-BD2E-4145-9121-52639E162427}.Debug|Any CPU.Build.0 = Debug|Any CPU
		{56FF23D1-BD2E-4145-9121-52639E162427}.Release|Any CPU.ActiveCfg = Release|Any CPU
		{56FF23D1-BD2E-4145-9121-52639E162427}.Release|Any CPU.Build.0 = Release|Any CPU
		{DC7E36D8-F174-484D-B245-D2643C299B31}.Debug|Any CPU.ActiveCfg = Debug|Any CPU
		{DC7E36D8-F174-484D-B245-D2643C299B31}.Debug|Any CPU.Build.0 = Debug|Any CPU
		{DC7E36D8-F174-484D-B245-D2643C299B31}.Release|Any CPU.ActiveCfg = Release|Any CPU
		{DC7E36D8-F174-484D-B245-D2643C299B31}.Release|Any CPU.Build.0 = Release|Any CPU
		{C362079A-AAD2-4628-BF6E-F2200D74B065}.Debug|Any CPU.ActiveCfg = Debug|Any CPU
		{C362079A-AAD2-4628-BF6E-F2200D74B065}.Debug|Any CPU.Build.0 = Debug|Any CPU
		{C362079A-AAD2-4628-BF6E-F2200D74B065}.Release|Any CPU.ActiveCfg = Release|Any CPU
		{C362079A-AAD2-4628-BF6E-F2200D74B065}.Release|Any CPU.Build.0 = Release|Any CPU
	EndGlobalSection
	GlobalSection(SolutionProperties) = preSolution
		HideSolutionNode = FALSE
	EndGlobalSection
	GlobalSection(ExtensibilityGlobals) = postSolution
		SolutionGuid = {86189787-0D80-4402-B2DE-25137B5D3E32}
	EndGlobalSection
EndGlobal
